lockfileVersion: '6.0'

dependencies:
  mjml:
    specifier: ^4.14.1
    version: 4.14.1

packages:

  /@babel/runtime@7.21.5:
    resolution: {integrity: sha512-8jI69toZqqcsnqGGqwGS4Qb1VwLOEp4hz+CXPywcvjs60u3B4Pom/U/7rm4W8tMOYEB+E9wgD0mW1l3r8qlI9Q==}
    engines: {node: '>=6.9.0'}
    dependencies:
      regenerator-runtime: 0.13.11
    dev: false

  /abbrev@1.1.1:
    resolution: {integrity: sha512-nne9/IiQ/hzIhY6pdDnbBtz7DjPTKrY00P/zvPSm5pOFkl6xuGrGnXn/VtTNNfNtAfZ9/1RtehkszU9qcTii0Q==}
    dev: false

  /ansi-colors@4.1.3:
    resolution: {integrity: sha512-/6w/C21Pm1A7aZitlI5Ni/2J6FFQN8i1Cvz3kHABAAbw93v/NlvKdVOqz7CCWz/3iv/JplRSEEZ83XION15ovw==}
    engines: {node: '>=6'}
    dev: false

  /ansi-regex@5.0.1:
    resolution: {integrity: sha512-quJQXlTSUGL2LH9SUXo8VwsY4soanhgo6LNSm84E1LBcE8s3O0wpdiRzyR9z/ZZJMlMWv37qOOb9pdJlMUEKFQ==}
    engines: {node: '>=8'}
    dev: false

  /ansi-styles@4.3.0:
    resolution: {integrity: sha512-zbB9rCJAT1rbjiVDb2hqKFHNYLxgtk8NURxZ3IZwD3F6NtxbXZQCnnSi1Lkx+IDohdPlFp222wVALIheZJQSEg==}
    engines: {node: '>=8'}
    dependencies:
      color-convert: 2.0.1
    dev: false

  /anymatch@3.1.3:
    resolution: {integrity: sha512-KMReFUr0B4t+D+OBkjR3KYqvocp2XaSzO55UcB6mgQMd3KbcE+mWTyvVV7D/zsdEbNnV6acZUutkiHQXvTr1Rw==}
    engines: {node: '>= 8'}
    dependencies:
      normalize-path: 3.0.0
      picomatch: 2.3.1
    dev: false

  /balanced-match@1.0.2:
    resolution: {integrity: sha512-3oSeUO0TMV67hN1AmbXsK4yaqU7tjiHlbxRDZOpH0KW9+CeX4bRAaX0Anxt0tx2MrpRpWwQaPwIlISEJhYU5Pw==}
    dev: false

  /binary-extensions@2.2.0:
    resolution: {integrity: sha512-jDctJ/IVQbZoJykoeHbhXpOlNBqGNcwXJKJog42E5HDPUwQTSdjCHdihjj0DlnheQ7blbT6dHOafNAiS8ooQKA==}
    engines: {node: '>=8'}
    dev: false

  /boolbase@1.0.0:
    resolution: {integrity: sha512-JZOSA7Mo9sNGB8+UjSgzdLtokWAky1zbztM3WRLCbZ70/3cTANmQmOdR7y2g+J0e2WXywy1yS468tY+IruqEww==}
    dev: false

  /brace-expansion@1.1.11:
    resolution: {integrity: sha512-iCuPHDFgrHX7H2vEI/5xpz07zSHB00TpugqhmYtVmMO6518mCuRMoOYFldEBl0g187ufozdaHgWKcYFb61qGiA==}
    dependencies:
      balanced-match: 1.0.2
      concat-map: 0.0.1
    dev: false

  /brace-expansion@2.0.1:
    resolution: {integrity: sha512-XnAIvQ8eM+kC6aULx6wuQiwVsnzsi9d3WxzV3FpWTGA19F621kwdbsAcFKXgKUHZWsy+mY6iL1sHTxWEFCytDA==}
    dependencies:
      balanced-match: 1.0.2
    dev: false

  /braces@3.0.2:
    resolution: {integrity: sha512-b8um+L1RzM3WDSzvhm6gIz1yfTbBt6YTlcEKAvsmqCZZFw46z626lVj9j1yEPW33H5H+lBQpZMP1k8l+78Ha0A==}
    engines: {node: '>=8'}
    dependencies:
      fill-range: 7.0.1
    dev: false

  /camel-case@3.0.0:
    resolution: {integrity: sha512-+MbKztAYHXPr1jNTSKQF52VpcFjwY5RkR7fxksV8Doo4KAYc5Fl4UJRgthBbTmEx8C54DqahhbLJkDwjI3PI/w==}
    dependencies:
      no-case: 2.3.2
      upper-case: 1.1.3
    dev: false

  /cheerio-select@2.1.0:
    resolution: {integrity: sha512-9v9kG0LvzrlcungtnJtpGNxY+fzECQKhK4EGJX2vByejiMX84MFNQw4UxPJl3bFbTMw+Dfs37XaIkCwTZfLh4g==}
    dependencies:
      boolbase: 1.0.0
      css-select: 5.1.0
      css-what: 6.1.0
      domelementtype: 2.3.0
      domhandler: 5.0.3
      domutils: 3.1.0
    dev: false

  /cheerio@1.0.0-rc.12:
    resolution: {integrity: sha512-VqR8m68vM46BNnuZ5NtnGBKIE/DfN0cRIzg9n40EIq9NOv90ayxLBXA8fXC5gquFRGJSTRqBq25Jt2ECLR431Q==}
    engines: {node: '>= 6'}
    dependencies:
      cheerio-select: 2.1.0
      dom-serializer: 2.0.0
      domhandler: 5.0.3
      domutils: 3.1.0
      htmlparser2: 8.0.2
      parse5: 7.1.2
      parse5-htmlparser2-tree-adapter: 7.0.0
    dev: false

  /chokidar@3.5.3:
    resolution: {integrity: sha512-Dr3sfKRP6oTcjf2JmUmFJfeVMvXBdegxB0iVQ5eb2V10uFJUCAS8OByZdVAyVb8xXNz3GjjTgj9kLWsZTqE6kw==}
    engines: {node: '>= 8.10.0'}
    dependencies:
      anymatch: 3.1.3
      braces: 3.0.2
      glob-parent: 5.1.2
      is-binary-path: 2.1.0
      is-glob: 4.0.3
      normalize-path: 3.0.0
      readdirp: 3.6.0
    optionalDependencies:
      fsevents: 2.3.2
    dev: false

  /clean-css@4.2.4:
    resolution: {integrity: sha512-EJUDT7nDVFDvaQgAo2G/PJvxmp1o/c6iXLbswsBbUFXi1Nr+AjA2cKmfbKDMjMvzEe75g3P6JkaDDAKk96A85A==}
    engines: {node: '>= 4.0'}
    dependencies:
      source-map: 0.6.1
    dev: false

  /cliui@7.0.4:
    resolution: {integrity: sha512-OcRE68cOsVMXp1Yvonl/fzkQOyjLSu/8bhPDfQt0e0/Eb283TKP20Fs2MqoPsr9SwA595rRCA+QMzYc9nBP+JQ==}
    dependencies:
      string-width: 4.2.3
      strip-ansi: 6.0.1
      wrap-ansi: 7.0.0
    dev: false

  /color-convert@2.0.1:
    resolution: {integrity: sha512-RRECPsj7iu/xb5oKYcsFHSppFNnsj/52OVTRKb4zP5onXwVF3zVmmToNcOfGC+CRDpfK/U584fMg38ZHCaElKQ==}
    engines: {node: '>=7.0.0'}
    dependencies:
      color-name: 1.1.4
    dev: false

  /color-name@1.1.4:
    resolution: {integrity: sha512-dOy+3AuW3a2wNbZHIuMZpTcgjGuLU/uBL/ubcZF9OXbDo8ff4O8yVp5Bf0efS8uEoYo5q4Fx7dY9OgQGXgAsQA==}
    dev: false

  /commander@2.20.3:
    resolution: {integrity: sha512-GpVkmM8vF2vQUkj2LvZmD35JxeJOLCwJ9cUkugyk2nuhbv3+mJvpLYYt+0+USMxE+oj+ey/lJEnhZw75x/OMcQ==}
    dev: false

  /commander@6.2.1:
    resolution: {integrity: sha512-U7VdrJFnJgo4xjrHpTzu0yrHPGImdsmD95ZlgYSEajAn2JKzDhDTPG9kBTefmObL2w/ngeZnilk+OV9CG3d7UA==}
    engines: {node: '>= 6'}
    dev: false

  /concat-map@0.0.1:
    resolution: {integrity: sha512-/Srv4dswyQNBfohGpz9o6Yb3Gz3SrUDqBH5rTuhGR7ahtlbYKnVxw2bCFMRljaA7EXHaXZ8wsHdodFvbkhKmqg==}
    dev: false

  /config-chain@1.1.13:
    resolution: {integrity: sha512-qj+f8APARXHrM0hraqXYb2/bOVSV4PvJQlNZ/DVj0QrmNM2q2euizkeuVckQ57J+W0mRH6Hvi+k50M4Jul2VRQ==}
    dependencies:
      ini: 1.3.8
      proto-list: 1.2.4
    dev: false

  /css-select@5.1.0:
    resolution: {integrity: sha512-nwoRF1rvRRnnCqqY7updORDsuqKzqYJ28+oSMaJMMgOauh3fvwHqMS7EZpIPqK8GL+g9mKxF1vP/ZjSeNjEVHg==}
    dependencies:
      boolbase: 1.0.0
      css-what: 6.1.0
      domhandler: 5.0.3
      domutils: 3.1.0
      nth-check: 2.1.1
    dev: false

  /css-what@6.1.0:
    resolution: {integrity: sha512-HTUrgRJ7r4dsZKU6GjmpfRK1O76h97Z8MfS1G0FozR+oF2kG6Vfe8JE6zwrkbxigziPHinCJ+gCPjA9EaBDtRw==}
    engines: {node: '>= 6'}
    dev: false

  /detect-node@2.0.4:
    resolution: {integrity: sha512-ZIzRpLJrOj7jjP2miAtgqIfmzbxa4ZOr5jJc601zklsfEx9oTzmmj2nVpIPRpNlRTIh8lc1kyViIY7BWSGNmKw==}
    dev: false

  /detect-node@2.1.0:
    resolution: {integrity: sha512-T0NIuQpnTvFDATNuHN5roPwSBG83rFsuO+MXXH9/3N1eFbn4wcPjttvjMLEPWJ0RGUYgQE7cGgS3tNxbqCGM7g==}
    dev: false

  /dom-serializer@1.4.1:
    resolution: {integrity: sha512-VHwB3KfrcOOkelEG2ZOfxqLZdfkil8PtJi4P8N2MMXucZq2yLp75ClViUlOVwyoHEDjYU433Aq+5zWP61+RGag==}
    dependencies:
      domelementtype: 2.3.0
      domhandler: 4.3.1
      entities: 2.2.0
    dev: false

  /dom-serializer@2.0.0:
    resolution: {integrity: sha512-wIkAryiqt/nV5EQKqQpo3SToSOV9J0DnbJqwK7Wv/Trc92zIAYZ4FlMu+JPFW1DfGFt81ZTCGgDEabffXeLyJg==}
    dependencies:
      domelementtype: 2.3.0
      domhandler: 5.0.3
      entities: 4.5.0
    dev: false

  /domelementtype@2.3.0:
    resolution: {integrity: sha512-OLETBj6w0OsagBwdXnPdN0cnMfF9opN69co+7ZrbfPGrdpPVNBUj02spi6B1N7wChLQiPn4CSH/zJvXw56gmHw==}
    dev: false

  /domhandler@3.3.0:
    resolution: {integrity: sha512-J1C5rIANUbuYK+FuFL98650rihynUOEzRLxW+90bKZRWB6A1X1Tf82GxR1qAWLyfNPRvjqfip3Q5tdYlmAa9lA==}
    engines: {node: '>= 4'}
    dependencies:
      domelementtype: 2.3.0
    dev: false

  /domhandler@4.3.1:
    resolution: {integrity: sha512-GrwoxYN+uWlzO8uhUXRl0P+kHE4GtVPfYzVLcUxPL7KNdHKj66vvlhiweIHqYYXWlw+T8iLMp42Lm67ghw4WMQ==}
    engines: {node: '>= 4'}
    dependencies:
      domelementtype: 2.3.0
    dev: false

  /domhandler@5.0.3:
    resolution: {integrity: sha512-cgwlv/1iFQiFnU96XXgROh8xTeetsnJiDsTc7TYCLFd9+/WNkIqPTxiM/8pSd8VIrhXGTf1Ny1q1hquVqDJB5w==}
    engines: {node: '>= 4'}
    dependencies:
      domelementtype: 2.3.0
    dev: false

  /domutils@2.8.0:
    resolution: {integrity: sha512-w96Cjofp72M5IIhpjgobBimYEfoPjx1Vx0BSX9P30WBdZW2WIKU0T1Bd0kz2eNZ9ikjKgHbEyKx8BB6H1L3h3A==}
    dependencies:
      dom-serializer: 1.4.1
      domelementtype: 2.3.0
      domhandler: 4.3.1
    dev: false

  /domutils@3.1.0:
    resolution: {integrity: sha512-H78uMmQtI2AhgDJjWeQmHwJJ2bLPD3GMmO7Zja/ZZh84wkm+4ut+IUnUdRa8uCGX88DiVx1j6FRe1XfxEgjEZA==}
    dependencies:
      dom-serializer: 2.0.0
      domelementtype: 2.3.0
      domhandler: 5.0.3
    dev: false

  /editorconfig@0.15.3:
    resolution: {integrity: sha512-M9wIMFx96vq0R4F+gRpY3o2exzb8hEj/n9S8unZtHSvYjibBp/iMufSzvmOcV/laG0ZtuTVGtiJggPOSW2r93g==}
    hasBin: true
    dependencies:
      commander: 2.20.3
      lru-cache: 4.1.5
      semver: 5.7.1
      sigmund: 1.0.1
    dev: false

  /emoji-regex@8.0.0:
    resolution: {integrity: sha512-MSjYzcWNOA0ewAHpz0MxpYFvwg6yjy1NG3xteoqz644VCo/RPgnr1/GGt+ic3iJTzQ8Eu3TdM14SawnVUmGE6A==}
    dev: false

  /entities@2.2.0:
    resolution: {integrity: sha512-p92if5Nz619I0w+akJrLZH0MX0Pb5DX39XOwQTtXSdQQOaYH03S1uIQp4mhOZtAXrxq4ViO67YTiLBo2638o9A==}
    dev: false

  /entities@4.5.0:
    resolution: {integrity: sha512-V0hjH4dGPh9Ao5p0MoRY6BVqtwCjhz6vI5LT8AJ55H+4g9/4vbHx1I54fS0XuclLhDHArPQCiMjDxjaL8fPxhw==}
    engines: {node: '>=0.12'}
    dev: false

  /escalade@3.1.1:
    resolution: {integrity: sha512-k0er2gUkLf8O0zKJiAhmkTnJlTvINGv7ygDNPbeIsX/TJjGJZHuh9B2UxbsaEkmlEo9MfhrSzmhIlhRlI2GXnw==}
    engines: {node: '>=6'}
    dev: false

  /escape-goat@3.0.0:
    resolution: {integrity: sha512-w3PwNZJwRxlp47QGzhuEBldEqVHHhh8/tIPcl6ecf2Bou99cdAt0knihBV0Ecc7CGxYduXVBDheH1K2oADRlvw==}
    engines: {node: '>=10'}
    dev: false

  /fill-range@7.0.1:
    resolution: {integrity: sha512-qOo9F+dMUmC2Lcb4BbVvnKJxTPjCm+RRpe4gDuGrzkL7mEVl/djYSu2OdQ2Pa302N4oqkSg9ir6jaLWJ2USVpQ==}
    engines: {node: '>=8'}
    dependencies:
      to-regex-range: 5.0.1
    dev: false

  /fs.realpath@1.0.0:
    resolution: {integrity: sha512-OO0pH2lK6a0hZnAdau5ItzHPI6pUlvI7jMVnxUQRtw4owF2wk8lOSabtGDCTP4Ggrg2MbGnWO9X8K1t4+fGMDw==}
    dev: false

  /fsevents@2.3.2:
    resolution: {integrity: sha512-xiqMQR4xAeHTuB9uWm+fFRcIOgKBMiOBP+eXiyT7jsgVCq1bkVygt00oASowB7EdtpOHaaPgKt812P9ab+DDKA==}
    engines: {node: ^8.16.0 || ^10.6.0 || >=11.0.0}
    os: [darwin]
    requiresBuild: true
    dev: false
    optional: true

  /get-caller-file@2.0.5:
    resolution: {integrity: sha512-DyFP3BM/3YHTQOCUL/w0OZHR0lpKeGrxotcHWcqNEdnltqFwXVfhEBQ94eIo34AfQpo0rGki4cyIiftY06h2Fg==}
    engines: {node: 6.* || 8.* || >= 10.*}
    dev: false

  /glob-parent@5.1.2:
    resolution: {integrity: sha512-AOIgSQCepiJYwP3ARnGx+5VnTu2HBYdzbGP45eLw1vr3zB3vZLeyed1sC9hnbcOc9/SrMyM5RPQrkGz4aS9Zow==}
    engines: {node: '>= 6'}
    dependencies:
      is-glob: 4.0.3
    dev: false

  /glob@7.2.3:
    resolution: {integrity: sha512-nFR0zLpU2YCaRxwoCJvL6UvCH2JFyFVIvwTLsIf21AuHlMskA1hhTdk+LlYJtOlYt9v6dvszD2BGRqBL+iQK9Q==}
    dependencies:
      fs.realpath: 1.0.0
      inflight: 1.0.6
      inherits: 2.0.4
      minimatch: 3.1.2
      once: 1.4.0
      path-is-absolute: 1.0.1
    dev: false

  /glob@8.1.0:
    resolution: {integrity: sha512-r8hpEjiQEYlF2QU0df3dS+nxxSIreXQS1qRhMJM0Q5NDdR386C7jb7Hwwod8Fgiuex+k0GFjgft18yvxm5XoCQ==}
    engines: {node: '>=12'}
    dependencies:
      fs.realpath: 1.0.0
      inflight: 1.0.6
      inherits: 2.0.4
      minimatch: 5.1.6
      once: 1.4.0
    dev: false

  /he@1.2.0:
    resolution: {integrity: sha512-F/1DnUGPopORZi0ni+CvrCgHQ5FyEAHRLSApuYWMmrbSwoN2Mn/7k+Gl38gJnR7yyDZk6WLXwiGod1JOWNDKGw==}
    hasBin: true
    dev: false

  /html-minifier@4.0.0:
    resolution: {integrity: sha512-aoGxanpFPLg7MkIl/DDFYtb0iWz7jMFGqFhvEDZga6/4QTjneiD8I/NXL1x5aaoCp7FSIT6h/OhykDdPsbtMig==}
    engines: {node: '>=6'}
    hasBin: true
    dependencies:
      camel-case: 3.0.0
      clean-css: 4.2.4
      commander: 2.20.3
      he: 1.2.0
      param-case: 2.1.1
      relateurl: 0.2.7
      uglify-js: 3.17.4
    dev: false

  /htmlparser2@5.0.1:
    resolution: {integrity: sha512-vKZZra6CSe9qsJzh0BjBGXo8dvzNsq/oGvsjfRdOrrryfeD9UOBEEQdeoqCRmKZchF5h2zOBMQ6YuQ0uRUmdbQ==}
    dependencies:
      domelementtype: 2.3.0
      domhandler: 3.3.0
      domutils: 2.8.0
      entities: 2.2.0
    dev: false

  /htmlparser2@8.0.2:
    resolution: {integrity: sha512-GYdjWKDkbRLkZ5geuHs5NY1puJ+PXwP7+fHPRz06Eirsb9ugf6d8kkXav6ADhcODhFFPMIXyxkxSuMf3D6NCFA==}
    dependencies:
      domelementtype: 2.3.0
      domhandler: 5.0.3
      domutils: 3.1.0
      entities: 4.5.0
    dev: false

  /inflight@1.0.6:
    resolution: {integrity: sha512-k92I/b08q4wvFscXCLvqfsHCrjrF7yiXsQuIVvVE7N82W3+aqpzuUdBbfhWcy/FZR3/4IgflMgKLOsvPDrGCJA==}
    dependencies:
      once: 1.4.0
      wrappy: 1.0.2
    dev: false

  /inherits@2.0.4:
    resolution: {integrity: sha512-k/vGaX4/Yla3WzyMCvTQOXYeIHvqOKtnqBduzTHpzpQZzAskKMhZ2K+EnBiSM9zGSoIFeMpXKxa4dYeZIQqewQ==}
    dev: false

  /ini@1.3.8:
    resolution: {integrity: sha512-JV/yugV2uzW5iMRSiZAyDtQd+nxtUnjeLt0acNdw98kKLrvuRVyB80tsREOE7yvGVgalhZ6RNXCmEHkUKBKxew==}
    dev: false

  /is-binary-path@2.1.0:
    resolution: {integrity: sha512-ZMERYes6pDydyuGidse7OsHxtbI7WVeUEozgR/g7rd0xUimYNlvZRE/K2MgZTjWy725IfelLeVcEM97mmtRGXw==}
    engines: {node: '>=8'}
    dependencies:
      binary-extensions: 2.2.0
    dev: false

  /is-extglob@2.1.1:
    resolution: {integrity: sha512-SbKbANkN603Vi4jEZv49LeVJMn4yGwsbzZworEoyEiutsN3nJYdbO36zfhGJ6QEDpOZIFkDtnq5JRxmvl3jsoQ==}
    engines: {node: '>=0.10.0'}
    dev: false

  /is-fullwidth-code-point@3.0.0:
    resolution: {integrity: sha512-zymm5+u+sCsSWyD9qNaejV3DFvhCKclKdizYaJUuHA83RLjb7nSuGnddCHGv0hk+KY7BMAlsWeK4Ueg6EV6XQg==}
    engines: {node: '>=8'}
    dev: false

  /is-glob@4.0.3:
    resolution: {integrity: sha512-xelSayHH36ZgE7ZWhli7pW34hNbNl8Ojv5KVmkJD4hBdD3th8Tfk9vYasLM+mXWOZhFkgZfxhLSnrwRr4elSSg==}
    engines: {node: '>=0.10.0'}
    dependencies:
      is-extglob: 2.1.1
    dev: false

  /is-number@7.0.0:
    resolution: {integrity: sha512-41Cifkg6e8TylSpdtTpeLVMqvSBEVzTttHvERD741+pnZ8ANv0004MRL43QKPDlK9cGvNp6NZWZUBlbGXYxxng==}
    engines: {node: '>=0.12.0'}
    dev: false

  /js-beautify@1.14.7:
    resolution: {integrity: sha512-5SOX1KXPFKx+5f6ZrPsIPEY7NwKeQz47n3jm2i+XeHx9MoRsfQenlOP13FQhWvg8JRS0+XLO6XYUQ2GX+q+T9A==}
    engines: {node: '>=10'}
    hasBin: true
    dependencies:
      config-chain: 1.1.13
      editorconfig: 0.15.3
      glob: 8.1.0
      nopt: 6.0.0
    dev: false

  /juice@9.0.0:
    resolution: {integrity: sha512-s/IwgQ4caZq3bSnQZlKfdGUqJWy9WzTzB12WSPko9G8uK74H8BJEQvX7GLmFAQ6SLFgAppqC/TUYepKZZaV+JA==}
    engines: {node: '>=10.0.0'}
    hasBin: true
    dependencies:
      cheerio: 1.0.0-rc.12
      commander: 6.2.1
      mensch: 0.3.4
      slick: 1.12.2
      web-resource-inliner: 6.0.1
    transitivePeerDependencies:
      - encoding
    dev: false

  /lodash@4.17.21:
    resolution: {integrity: sha512-v2kDEe57lecTulaDIuNTPy3Ry4gLGJ6Z1O3vE1krgXZNrsQ+LFTGHVxVjcXPs17LhbZVGedAJv8XZ1tvj5FvSg==}
    dev: false

  /lower-case@1.1.4:
    resolution: {integrity: sha512-2Fgx1Ycm599x+WGpIYwJOvsjmXFzTSc34IwDWALRA/8AopUKAVPwfJ+h5+f85BCp0PWmmJcWzEpxOpoXycMpdA==}
    dev: false

  /lru-cache@4.1.5:
    resolution: {integrity: sha512-sWZlbEP2OsHNkXrMl5GYk/jKk70MBng6UU4YI/qGDYbgf6YbP4EvmqISbXCoJiRKs+1bSpFHVgQxvJ17F2li5g==}
    dependencies:
      pseudomap: 1.0.2
      yallist: 2.1.2
    dev: false

  /mensch@0.3.4:
    resolution: {integrity: sha512-IAeFvcOnV9V0Yk+bFhYR07O3yNina9ANIN5MoXBKYJ/RLYPurd2d0yw14MDhpr9/momp0WofT1bPUh3hkzdi/g==}
    dev: false

  /mime@2.6.0:
    resolution: {integrity: sha512-USPkMeET31rOMiarsBNIHZKLGgvKc/LrjofAnBlOttf5ajRvqiRA8QsenbcooctK6d6Ts6aqZXBA+XbkKthiQg==}
    engines: {node: '>=4.0.0'}
    hasBin: true
    dev: false

  /minimatch@3.1.2:
    resolution: {integrity: sha512-J7p63hRiAjw1NDEww1W7i37+ByIrOWO5XQQAzZ3VOcL0PNybwpfmV/N05zFAzwQ9USyEcX6t3UO+K5aqBQOIHw==}
    dependencies:
      brace-expansion: 1.1.11
    dev: false

  /minimatch@5.1.6:
    resolution: {integrity: sha512-lKwV/1brpG6mBUFHtb7NUmtABCb2WZZmm2wNiOA5hAb8VdCS4B3dtMWyvcoViccwAW/COERjXLt0zP1zXUN26g==}
    engines: {node: '>=10'}
    dependencies:
      brace-expansion: 2.0.1
    dev: false

  /mjml-accordion@4.14.1:
    resolution: {integrity: sha512-dpNXyjnhYwhM75JSjD4wFUa9JgHm86M2pa0CoTzdv1zOQz67ilc4BoK5mc2S0gOjJpjBShM5eOJuCyVIuAPC6w==}
    dependencies:
      '@babel/runtime': 7.21.5
      lodash: 4.17.21
      mjml-core: 4.14.1
    transitivePeerDependencies:
      - encoding
    dev: false

  /mjml-body@4.14.1:
    resolution: {integrity: sha512-YpXcK3o2o1U+fhI8f60xahrhXuHmav6BZez9vIN3ZEJOxPFSr+qgr1cT2iyFz50L5+ZsLIVj2ZY+ALQjdsg8ig==}
    dependencies:
      '@babel/runtime': 7.21.5
      lodash: 4.17.21
      mjml-core: 4.14.1
    transitivePeerDependencies:
      - encoding
    dev: false

  /mjml-button@4.14.1:
    resolution: {integrity: sha512-V1Tl1vQ3lXYvvqHJHvGcc8URr7V1l/ZOsv7iLV4QRrh7kjKBXaRS7uUJtz6/PzEbNsGQCiNtXrODqcijLWlgaw==}
    dependencies:
      '@babel/runtime': 7.21.5
      lodash: 4.17.21
      mjml-core: 4.14.1
    transitivePeerDependencies:
      - encoding
    dev: false

  /mjml-carousel@4.14.1:
    resolution: {integrity: sha512-Ku3MUWPk/TwHxVgKEUtzspy/ePaWtN/3z6/qvNik0KIn0ZUIZ4zvR2JtaVL5nd30LHSmUaNj30XMPkCjYiKkFA==}
    dependencies:
      '@babel/runtime': 7.21.5
      lodash: 4.17.21
      mjml-core: 4.14.1
    transitivePeerDependencies:
      - encoding
    dev: false

  /mjml-cli@4.14.1:
    resolution: {integrity: sha512-Gy6MnSygFXs0U1qOXTHqBg2vZX2VL/fAacgQzD4MHq4OuybWaTNSzXRwxBXYCxT3IJB874n2Q0Mxp+Xka+tnZg==}
    hasBin: true
    dependencies:
      '@babel/runtime': 7.21.5
      chokidar: 3.5.3
      glob: 7.2.3
      html-minifier: 4.0.0
      js-beautify: 1.14.7
      lodash: 4.17.21
      mjml-core: 4.14.1
      mjml-migrate: 4.14.1
      mjml-parser-xml: 4.14.1
      mjml-validator: 4.13.0
      yargs: 16.2.0
    transitivePeerDependencies:
      - encoding
    dev: false

  /mjml-column@4.14.1:
    resolution: {integrity: sha512-iixVCIX1YJtpQuwG2WbDr7FqofQrlTtGQ4+YAZXGiLThs0En3xNIJFQX9xJ8sgLEGGltyooHiNICBRlzSp9fDg==}
    dependencies:
      '@babel/runtime': 7.21.5
      lodash: 4.17.21
      mjml-core: 4.14.1
    transitivePeerDependencies:
      - encoding
    dev: false

  /mjml-core@4.14.1:
    resolution: {integrity: sha512-di88rSfX+8r4r+cEqlQCO7CRM4mYZrfe2wSCu2je38i+ujjkLpF72cgLnjBlSG5aOUCZgYvlsZ85stqIz9LQfA==}
    dependencies:
      '@babel/runtime': 7.21.5
      cheerio: 1.0.0-rc.12
      detect-node: 2.1.0
      html-minifier: 4.0.0
      js-beautify: 1.14.7
      juice: 9.0.0
      lodash: 4.17.21
      mjml-migrate: 4.14.1
      mjml-parser-xml: 4.14.1
      mjml-validator: 4.13.0
    transitivePeerDependencies:
      - encoding
    dev: false

  /mjml-divider@4.14.1:
    resolution: {integrity: sha512-agqWY0aW2xaMiUOhYKDvcAAfOLalpbbtjKZAl1vWmNkURaoK4L7MgDilKHSJDFUlHGm2ZOArTrq8i6K0iyThBQ==}
    dependencies:
      '@babel/runtime': 7.21.5
      lodash: 4.17.21
      mjml-core: 4.14.1
    transitivePeerDependencies:
      - encoding
    dev: false

  /mjml-group@4.14.1:
    resolution: {integrity: sha512-dJt5batgEJ7wxlxzqOfHOI94ABX+8DZBvAlHuddYO4CsLFHYv6XRIArLAMMnAKU76r6p3X8JxYeOjKZXdv49kg==}
    dependencies:
      '@babel/runtime': 7.21.5
      lodash: 4.17.21
      mjml-core: 4.14.1
    transitivePeerDependencies:
      - encoding
    dev: false

  /mjml-head-attributes@4.14.1:
    resolution: {integrity: sha512-XdUNOp2csK28kBDSistInOyzWNwmu5HDNr4y1Z7vSQ1PfkmiuS6jWG7jHUjdoMhs27e6Leuyyc6a8gWSpqSWrg==}
    dependencies:
      '@babel/runtime': 7.21.5
      lodash: 4.17.21
      mjml-core: 4.14.1
    transitivePeerDependencies:
      - encoding
    dev: false

  /mjml-head-breakpoint@4.14.1:
    resolution: {integrity: sha512-Qw9l/W/I5Z9p7I4ShgnEpAL9if4472ejcznbBnp+4Gq+sZoPa7iYoEPsa9UCGutlaCh3N3tIi2qKhl9qD8DFxA==}
    dependencies:
      '@babel/runtime': 7.21.5
      lodash: 4.17.21
      mjml-core: 4.14.1
    transitivePeerDependencies:
      - encoding
    dev: false

  /mjml-head-font@4.14.1:
    resolution: {integrity: sha512-oBYm1gaOdEMjE5BoZouRRD4lCNZ1jcpz92NR/F7xDyMaKCGN6T/+r4S5dq1gOLm9zWqClRHaECdFJNEmrDpZqA==}
    dependencies:
      '@babel/runtime': 7.21.5
      lodash: 4.17.21
      mjml-core: 4.14.1
    transitivePeerDependencies:
      - encoding
    dev: false

  /mjml-head-html-attributes@4.14.1:
    resolution: {integrity: sha512-vlJsJc1Sm4Ml2XvLmp01zsdmWmzm6+jNCO7X3eYi9ngEh8LjMCLIQOncnOgjqm9uGpQu2EgUhwvYFZP2luJOVg==}
    dependencies:
      '@babel/runtime': 7.21.5
      lodash: 4.17.21
      mjml-core: 4.14.1
    transitivePeerDependencies:
      - encoding
    dev: false

  /mjml-head-preview@4.14.1:
    resolution: {integrity: sha512-89gQtt3fhl2dkYpHLF5HDQXz/RLpzecU6wmAIT7Dz6etjLGE1dgq2Ay6Bu/OeHjDcT1gbM131zvBwuXw8OydNw==}
    dependencies:
      '@babel/runtime': 7.21.5
      lodash: 4.17.21
      mjml-core: 4.14.1
    transitivePeerDependencies:
      - encoding
    dev: false

  /mjml-head-style@4.14.1:
    resolution: {integrity: sha512-XryOuf32EDuUCBT2k99C1+H87IOM919oY6IqxKFJCDkmsbywKIum7ibhweJdcxiYGONKTC6xjuibGD3fQTTYNQ==}
    dependencies:
      '@babel/runtime': 7.21.5
      lodash: 4.17.21
      mjml-core: 4.14.1
    transitivePeerDependencies:
      - encoding
    dev: false

  /mjml-head-title@4.14.1:
    resolution: {integrity: sha512-aIfpmlQdf1eJZSSrFodmlC4g5GudBti2eMyG42M7/3NeLM6anEWoe+UkF/6OG4Zy0tCQ40BDJ5iBZlMsjQICzw==}
    dependencies:
      '@babel/runtime': 7.21.5
      lodash: 4.17.21
      mjml-core: 4.14.1
    transitivePeerDependencies:
      - encoding
    dev: false

  /mjml-head@4.14.1:
    resolution: {integrity: sha512-KoCbtSeTAhx05Ugn9TB2UYt5sQinSCb7RGRer5iPQ3CrXj8hT5B5Svn6qvf/GACPkWl4auExHQh+XgLB+r3OEA==}
    dependencies:
      '@babel/runtime': 7.21.5
      lodash: 4.17.21
      mjml-core: 4.14.1
    transitivePeerDependencies:
      - encoding
    dev: false

  /mjml-hero@4.14.1:
    resolution: {integrity: sha512-TQJ3yfjrKYGkdEWjHLHhL99u/meKFYgnfJvlo9xeBvRjSM696jIjdqaPHaunfw4CP6d2OpCIMuacgOsvqQMWOA==}
    dependencies:
      '@babel/runtime': 7.21.5
      lodash: 4.17.21
      mjml-core: 4.14.1
    transitivePeerDependencies:
      - encoding
    dev: false

  /mjml-image@4.14.1:
    resolution: {integrity: sha512-jfKLPHXuFq83okwlNM1Um/AEWeVDgs2JXIOsWp2TtvXosnRvGGMzA5stKLYdy1x6UfKF4c1ovpMS162aYGp+xQ==}
    dependencies:
      '@babel/runtime': 7.21.5
      lodash: 4.17.21
      mjml-core: 4.14.1
    transitivePeerDependencies:
      - encoding
    dev: false

  /mjml-migrate@4.14.1:
    resolution: {integrity: sha512-d+9HKQOhZi3ZFAaFSDdjzJX9eDQGjMf3BArLWNm2okC4ZgfJSpOc77kgCyFV8ugvwc8fFegPnSV60Jl4xtvK2A==}
    hasBin: true
    dependencies:
      '@babel/runtime': 7.21.5
      js-beautify: 1.14.7
      lodash: 4.17.21
      mjml-core: 4.14.1
      mjml-parser-xml: 4.14.1
      yargs: 16.2.0
    transitivePeerDependencies:
      - encoding
    dev: false

  /mjml-navbar@4.14.1:
    resolution: {integrity: sha512-rNy1Kw8CR3WQ+M55PFBAUDz2VEOjz+sk06OFnsnmNjoMVCjo1EV7OFLDAkmxAwqkC8h4zQWEOFY0MBqqoAg7+A==}
    dependencies:
      '@babel/runtime': 7.21.5
      lodash: 4.17.21
      mjml-core: 4.14.1
    transitivePeerDependencies:
      - encoding
    dev: false

  /mjml-parser-xml@4.14.1:
    resolution: {integrity: sha512-9WQVeukbXfq9DUcZ8wOsHC6BTdhaVwTAJDYMIQglXLwKwN7I4pTCguDDHy5d0kbbzK5OCVxCdZe+bfVI6XANOQ==}
    dependencies:
      '@babel/runtime': 7.21.5
      detect-node: 2.0.4
      htmlparser2: 8.0.2
      lodash: 4.17.21
    dev: false

  /mjml-preset-core@4.14.1:
    resolution: {integrity: sha512-uUCqK9Z9d39rwB/+JDV2KWSZGB46W7rPQpc9Xnw1DRP7wD7qAfJwK6AZFCwfTgWdSxw0PwquVNcrUS9yBa9uhw==}
    dependencies:
      '@babel/runtime': 7.21.5
      mjml-accordion: 4.14.1
      mjml-body: 4.14.1
      mjml-button: 4.14.1
      mjml-carousel: 4.14.1
      mjml-column: 4.14.1
      mjml-divider: 4.14.1
      mjml-group: 4.14.1
      mjml-head: 4.14.1
      mjml-head-attributes: 4.14.1
      mjml-head-breakpoint: 4.14.1
      mjml-head-font: 4.14.1
      mjml-head-html-attributes: 4.14.1
      mjml-head-preview: 4.14.1
      mjml-head-style: 4.14.1
      mjml-head-title: 4.14.1
      mjml-hero: 4.14.1
      mjml-image: 4.14.1
      mjml-navbar: 4.14.1
      mjml-raw: 4.14.1
      mjml-section: 4.14.1
      mjml-social: 4.14.1
      mjml-spacer: 4.14.1
      mjml-table: 4.14.1
      mjml-text: 4.14.1
      mjml-wrapper: 4.14.1
    transitivePeerDependencies:
      - encoding
    dev: false

  /mjml-raw@4.14.1:
    resolution: {integrity: sha512-9+4wzoXnCtfV6QPmjfJkZ50hxFB4Z8QZnl2Ac0D1Cn3dUF46UkmO5NLMu7UDIlm5DdFyycZrMOwvZS4wv9ksPw==}
    dependencies:
      '@babel/runtime': 7.21.5
      lodash: 4.17.21
      mjml-core: 4.14.1
    transitivePeerDependencies:
      - encoding
    dev: false

  /mjml-section@4.14.1:
    resolution: {integrity: sha512-Ik5pTUhpT3DOfB3hEmAWp8rZ0ilWtIivnL8XdUJRfgYE9D+MCRn+reIO+DAoJHxiQoI6gyeKkIP4B9OrQ7cHQw==}
    dependencies:
      '@babel/runtime': 7.21.5
      lodash: 4.17.21
      mjml-core: 4.14.1
    transitivePeerDependencies:
      - encoding
    dev: false

  /mjml-social@4.14.1:
    resolution: {integrity: sha512-G44aOZXgZHukirjkeQWTTV36UywtE2YvSwWGNfo/8d+k5JdJJhCIrlwaahyKEAyH63G1B0Zt8b2lEWx0jigYUw==}
    dependencies:
      '@babel/runtime': 7.21.5
      lodash: 4.17.21
      mjml-core: 4.14.1
    transitivePeerDependencies:
      - encoding
    dev: false

  /mjml-spacer@4.14.1:
    resolution: {integrity: sha512-5SfQCXTd3JBgRH1pUy6NVZ0lXBiRqFJPVHBdtC3OFvUS3q1w16eaAXlIUWMKTfy8CKhQrCiE6m65kc662ZpYxA==}
    dependencies:
      '@babel/runtime': 7.21.5
      lodash: 4.17.21
      mjml-core: 4.14.1
    transitivePeerDependencies:
      - encoding
    dev: false

  /mjml-table@4.14.1:
    resolution: {integrity: sha512-aVBdX3WpyKVGh/PZNn2KgRem+PQhWlvnD00DKxDejRBsBSKYSwZ0t3EfFvZOoJ9DzfHsN0dHuwd6Z18Ps44NFQ==}
    dependencies:
      '@babel/runtime': 7.21.5
      lodash: 4.17.21
      mjml-core: 4.14.1
    transitivePeerDependencies:
      - encoding
    dev: false

  /mjml-text@4.14.1:
    resolution: {integrity: sha512-yZuvf5z6qUxEo5CqOhCUltJlR6oySKVcQNHwoV5sneMaKdmBiaU4VDnlYFera9gMD9o3KBHIX6kUg7EHnCwBRQ==}
    dependencies:
      '@babel/runtime': 7.21.5
      lodash: 4.17.21
      mjml-core: 4.14.1
    transitivePeerDependencies:
      - encoding
    dev: false

  /mjml-validator@4.13.0:
    resolution: {integrity: sha512-uURYfyQYtHJ6Qz/1A7/+E9ezfcoISoLZhYK3olsxKRViwaA2Mm8gy/J3yggZXnsUXWUns7Qymycm5LglLEIiQg==}
    dependencies:
      '@babel/runtime': 7.21.5
    dev: false

  /mjml-wrapper@4.14.1:
    resolution: {integrity: sha512-aA5Xlq6d0hZ5LY+RvSaBqmVcLkvPvdhyAv3vQf3G41Gfhel4oIPmkLnVpHselWhV14A0KwIOIAKVxHtSAxyOTQ==}
    dependencies:
      '@babel/runtime': 7.21.5
      lodash: 4.17.21
      mjml-core: 4.14.1
      mjml-section: 4.14.1
    transitivePeerDependencies:
      - encoding
    dev: false

  /mjml@4.14.1:
    resolution: {integrity: sha512-f/wnWWIVbeb/ge3ff7c/KYYizI13QbGIp03odwwkCThsJsacw4gpZZAU7V4gXY3HxSXP2/q3jxOfaHVbkfNpOQ==}
    hasBin: true
    dependencies:
      '@babel/runtime': 7.21.5
      mjml-cli: 4.14.1
      mjml-core: 4.14.1
      mjml-migrate: 4.14.1
      mjml-preset-core: 4.14.1
      mjml-validator: 4.13.0
    transitivePeerDependencies:
      - encoding
    dev: false

  /no-case@2.3.2:
    resolution: {integrity: sha512-rmTZ9kz+f3rCvK2TD1Ue/oZlns7OGoIWP4fc3llxxRXlOkHKoWPPWJOfFYpITabSow43QJbRIoHQXtt10VldyQ==}
    dependencies:
      lower-case: 1.1.4
    dev: false

  /node-fetch@2.6.11:
    resolution: {integrity: sha512-4I6pdBY1EthSqDmJkiNk3JIT8cswwR9nfeW/cPdUagJYEQG7R95WRH74wpz7ma8Gh/9dI9FP+OU+0E4FvtA55w==}
    engines: {node: 4.x || >=6.0.0}
    peerDependencies:
      encoding: ^0.1.0
    peerDependenciesMeta:
      encoding:
        optional: true
    dependencies:
      whatwg-url: 5.0.0
    dev: false

  /nopt@6.0.0:
    resolution: {integrity: sha512-ZwLpbTgdhuZUnZzjd7nb1ZV+4DoiC6/sfiVKok72ym/4Tlf+DFdlHYmT2JPmcNNWV6Pi3SDf1kT+A4r9RTuT9g==}
    engines: {node: ^12.13.0 || ^14.15.0 || >=16.0.0}
    hasBin: true
    dependencies:
      abbrev: 1.1.1
    dev: false

  /normalize-path@3.0.0:
    resolution: {integrity: sha512-6eZs5Ls3WtCisHWp9S2GUy8dqkpGi4BVSz3GaqiE6ezub0512ESztXUwUB6C6IKbQkY2Pnb/mD4WYojCRwcwLA==}
    engines: {node: '>=0.10.0'}
    dev: false

  /nth-check@2.1.1:
    resolution: {integrity: sha512-lqjrjmaOoAnWfMmBPL+XNnynZh2+swxiX3WUE0s4yEHI6m+AwrK2UZOimIRl3X/4QctVqS8AiZjFqyOGrMXb/w==}
    dependencies:
      boolbase: 1.0.0
    dev: false

  /once@1.4.0:
    resolution: {integrity: sha512-lNaJgI+2Q5URQBkccEKHTQOPaXdUxnZZElQTZY0MFUAuaEqe1E+Nyvgdz/aIyNi6Z9MzO5dv1H8n58/GELp3+w==}
    dependencies:
      wrappy: 1.0.2
    dev: false

  /param-case@2.1.1:
    resolution: {integrity: sha512-eQE845L6ot89sk2N8liD8HAuH4ca6Vvr7VWAWwt7+kvvG5aBcPmmphQ68JsEG2qa9n1TykS2DLeMt363AAH8/w==}
    dependencies:
      no-case: 2.3.2
    dev: false

  /parse5-htmlparser2-tree-adapter@7.0.0:
    resolution: {integrity: sha512-B77tOZrqqfUfnVcOrUvfdLbz4pu4RopLD/4vmu3HUPswwTA8OH0EMW9BlWR2B0RCoiZRAHEUu7IxeP1Pd1UU+g==}
    dependencies:
      domhandler: 5.0.3
      parse5: 7.1.2
    dev: false

  /parse5@7.1.2:
    resolution: {integrity: sha512-Czj1WaSVpaoj0wbhMzLmWD69anp2WH7FXMB9n1Sy8/ZFF9jolSQVMu1Ij5WIyGmcBmhk7EOndpO4mIpihVqAXw==}
    dependencies:
      entities: 4.5.0
    dev: false

  /path-is-absolute@1.0.1:
    resolution: {integrity: sha512-AVbw3UJ2e9bq64vSaS9Am0fje1Pa8pbGqTTsmXfaIiMpnr5DlDhfJOuLj9Sf95ZPVDAUerDfEk88MPmPe7UCQg==}
    engines: {node: '>=0.10.0'}
    dev: false

  /picomatch@2.3.1:
    resolution: {integrity: sha512-JU3teHTNjmE2VCGFzuY8EXzCDVwEqB2a8fsIvwaStHhAWJEeVd1o1QD80CU6+ZdEXXSLbSsuLwJjkCBWqRQUVA==}
    engines: {node: '>=8.6'}
    dev: false

  /proto-list@1.2.4:
    resolution: {integrity: sha512-vtK/94akxsTMhe0/cbfpR+syPuszcuwhqVjJq26CuNDgFGj682oRBXOP5MJpv2r7JtE8MsiepGIqvvOTBwn2vA==}
    dev: false

  /pseudomap@1.0.2:
    resolution: {integrity: sha512-b/YwNhb8lk1Zz2+bXXpS/LK9OisiZZ1SNsSLxN1x2OXVEhW2Ckr/7mWE5vrC1ZTiJlD9g19jWszTmJsB+oEpFQ==}
    dev: false

  /readdirp@3.6.0:
    resolution: {integrity: sha512-hOS089on8RduqdbhvQ5Z37A0ESjsqz6qnRcffsMU3495FuTdqSm+7bhJ29JvIOsBDEEnan5DPu9t3To9VRlMzA==}
    engines: {node: '>=8.10.0'}
    dependencies:
      picomatch: 2.3.1
    dev: false

  /regenerator-runtime@0.13.11:
    resolution: {integrity: sha512-kY1AZVr2Ra+t+piVaJ4gxaFaReZVH40AKNo7UCX6W+dEwBo/2oZJzqfuN1qLq1oL45o56cPaTXELwrTh8Fpggg==}
    dev: false

  /relateurl@0.2.7:
    resolution: {integrity: sha512-G08Dxvm4iDN3MLM0EsP62EDV9IuhXPR6blNz6Utcp7zyV3tr4HVNINt6MpaRWbxoOHT3Q7YN2P+jaHX8vUbgog==}
    engines: {node: '>= 0.10'}
    dev: false

  /require-directory@2.1.1:
    resolution: {integrity: sha512-fGxEI7+wsG9xrvdjsrlmL22OMTTiHRwAMroiEeMgq8gzoLC/PQr7RsRDSTLUg/bZAZtF+TVIkHc6/4RIKrui+Q==}
    engines: {node: '>=0.10.0'}
    dev: false

  /semver@5.7.1:
    resolution: {integrity: sha512-sauaDf/PZdVgrLTNYHRtpXa1iRiKcaebiKQ1BJdpQlWH2lCvexQdX55snPFyK7QzpudqbCI0qXFfOasHdyNDGQ==}
    hasBin: true
    dev: false

  /sigmund@1.0.1:
    resolution: {integrity: sha512-fCvEXfh6NWpm+YSuY2bpXb/VIihqWA6hLsgboC+0nl71Q7N7o2eaCW8mJa/NLvQhs6jpd3VZV4UiUQlV6+lc8g==}
    dev: false

  /slick@1.12.2:
    resolution: {integrity: sha512-4qdtOGcBjral6YIBCWJ0ljFSKNLz9KkhbWtuGvUyRowl1kxfuE1x/Z/aJcaiilpb3do9bl5K7/1h9XC5wWpY/A==}
    dev: false

  /source-map@0.6.1:
    resolution: {integrity: sha512-UjgapumWlbMhkBgzT7Ykc5YXUT46F0iKu8SGXq0bcwP5dz/h0Plj6enJqjz1Zbq2l5WaqYnrVbwWOWMyF3F47g==}
    engines: {node: '>=0.10.0'}
    dev: false

  /string-width@4.2.3:
    resolution: {integrity: sha512-wKyQRQpjJ0sIp62ErSZdGsjMJWsap5oRNihHhu6G7JVO/9jIB6UyevL+tXuOqrng8j/cxKTWyWUwvSTriiZz/g==}
    engines: {node: '>=8'}
    dependencies:
      emoji-regex: 8.0.0
      is-fullwidth-code-point: 3.0.0
      strip-ansi: 6.0.1
    dev: false

  /strip-ansi@6.0.1:
    resolution: {integrity: sha512-Y38VPSHcqkFrCpFnQ9vuSXmquuv5oXOKpGeT6aGrr3o3Gc9AlVa6JBfUSOCnbxGGZF+/0ooI7KrPuUSztUdU5A==}
    engines: {node: '>=8'}
    dependencies:
      ansi-regex: 5.0.1
    dev: false

  /to-regex-range@5.0.1:
    resolution: {integrity: sha512-65P7iz6X5yEr1cwcgvQxbbIw7Uk3gOy5dIdtZ4rDveLqhrdJP+Li/Hx6tyK0NEb+2GCyneCMJiGqrADCSNk8sQ==}
    engines: {node: '>=8.0'}
    dependencies:
      is-number: 7.0.0
    dev: false

  /tr46@0.0.3:
    resolution: {integrity: sha512-N3WMsuqV66lT30CrXNbEjx4GEwlow3v6rr4mCcv6prnfwhS01rkgyFdjPNBYd9br7LpXV1+Emh01fHnq2Gdgrw==}
    dev: false

  /uglify-js@3.17.4:
    resolution: {integrity: sha512-T9q82TJI9e/C1TAxYvfb16xO120tMVFZrGA3f9/P4424DNu6ypK103y0GPFVa17yotwSyZW5iYXgjYHkGrJW/g==}
    engines: {node: '>=0.8.0'}
    hasBin: true
    dev: false

  /upper-case@1.1.3:
    resolution: {integrity: sha512-WRbjgmYzgXkCV7zNVpy5YgrHgbBv126rMALQQMrmzOVC4GM2waQ9x7xtm8VU+1yF2kWyPzI9zbZ48n4vSxwfSA==}
    dev: false

  /valid-data-url@3.0.1:
    resolution: {integrity: sha512-jOWVmzVceKlVVdwjNSenT4PbGghU0SBIizAev8ofZVgivk/TVHXSbNL8LP6M3spZvkR9/QolkyJavGSX5Cs0UA==}
    engines: {node: '>=10'}
    dev: false

  /web-resource-inliner@6.0.1:
    resolution: {integrity: sha512-kfqDxt5dTB1JhqsCUQVFDj0rmY+4HLwGQIsLPbyrsN9y9WV/1oFDSx3BQ4GfCv9X+jVeQ7rouTqwK53rA/7t8A==}
    engines: {node: '>=10.0.0'}
    dependencies:
      ansi-colors: 4.1.3
      escape-goat: 3.0.0
      htmlparser2: 5.0.1
      mime: 2.6.0
      node-fetch: 2.6.11
      valid-data-url: 3.0.1
    transitivePeerDependencies:
      - encoding
    dev: false

  /webidl-conversions@3.0.1:
    resolution: {integrity: sha512-2JAn3z8AR6rjK8Sm8orRC0h/bcl/DqL7tRPdGZ4I1CjdF+EaMLmYxBHyXuKL849eucPFhvBoxMsflfOb8kxaeQ==}
    dev: false

  /whatwg-url@5.0.0:
    resolution: {integrity: sha512-saE57nupxk6v3HY35+jzBwYa0rKSy0XR8JSxZPwgLr7ys0IBzhGviA1/TUGJLmSVqs8pb9AnvICXEuOHLprYTw==}
    dependencies:
      tr46: 0.0.3
      webidl-conversions: 3.0.1
    dev: false

  /wrap-ansi@7.0.0:
    resolution: {integrity: sha512-YVGIj2kamLSTxw6NsZjoBxfSwsn0ycdesmc4p+Q21c5zPuZ1pl+NfxVdxPtdHvmNVOQ6XSYG4AUtyt/Fi7D16Q==}
    engines: {node: '>=10'}
    dependencies:
      ansi-styles: 4.3.0
      string-width: 4.2.3
      strip-ansi: 6.0.1
    dev: false

  /wrappy@1.0.2:
    resolution: {integrity: sha512-l4Sp/DRseor9wL6EvV2+TuQn63dMkPjZ/sp9XkghTEbV9KlPS1xUsZ3u7/IQO4wxtcFB4bgpQPRcR3QCvezPcQ==}
    dev: false

  /y18n@5.0.8:
    resolution: {integrity: sha512-0pfFzegeDWJHJIAmTLRP2DwHjdF5s7jo9tuztdQxAhINCdvS+3nGINqPd00AphqJR/0LhANUS6/+7SCb98YOfA==}
    engines: {node: '>=10'}
    dev: false

  /yallist@2.1.2:
    resolution: {integrity: sha512-ncTzHV7NvsQZkYe1DW7cbDLm0YpzHmZF5r/iyP3ZnQtMiJ+pjzisCiMNI+Sj+xQF5pXhSHxSB3uDbsBTzY/c2A==}
    dev: false

  /yargs-parser@20.2.9:
    resolution: {integrity: sha512-y11nGElTIV+CT3Zv9t7VKl+Q3hTQoT9a1Qzezhhl6Rp21gJ/IVTW7Z3y9EWXhuUBC2Shnf+DX0antecpAwSP8w==}
    engines: {node: '>=10'}
    dev: false

  /yargs@16.2.0:
    resolution: {integrity: sha512-D1mvvtDG0L5ft/jGWkLpG1+m0eQxOfaBvTNELraWj22wSVUMWxZUvYgJYcKh6jGGIkJFhH4IZPQhR4TKpc8mBw==}
    engines: {node: '>=10'}
    dependencies:
      cliui: 7.0.4
      escalade: 3.1.1
      get-caller-file: 2.0.5
      require-directory: 2.1.1
      string-width: 4.2.3
      y18n: 5.0.8
      yargs-parser: 20.2.9
    dev: false
